
Microsoft Visual Studio Solution File, Format Version 12.00
Project("{FAE04EC0-301F-11D3-BF4B-00C04F79EFBC}") = "SimpleApi", "SimpleApi\SimpleApi.csproj", "{838A946D-9AD3-4D21-AAA1-4771A7DEF1DB}"
EndProject
Project("{FAE04EC0-301F-11D3-BF4B-00C04F79EFBC}") = "MinimalLambdaApi", "MinimalLambdaApi\MinimalLambdaApi.csproj", "{1A96D99C-9C2B-42AC-8306-F0DE9CC81694}"
EndProject
Project("{FAE04EC0-301F-11D3-BF4B-00C04F79EFBC}") = "CustomerCrudLambda", "CustomerCrudLambda\CustomerCrudLambda.csproj", "{4CE1CF3E-2D5A-4D64-B726-4A5A2E0D91F4}"
EndProject
Project("{FAE04EC0-301F-11D3-BF4B-00C04F79EFBC}") = "CustomerCrudLambda.Tests", "CustomerCrudLambda.Tests\CustomerCrudLambda.Tests.csproj", "{99A3AE8B-8747-4FC7-A66B-E734A969E16C}"
EndProject
Global
	GlobalSection(SolutionConfigurationPlatforms) = preSolution
		Debug|Any CPU = Debug|Any CPU
		Debug|x64 = Debug|x64
		Debug|x86 = Debug|x86
		Release|Any CPU = Release|Any CPU
		Release|x64 = Release|x64
		Release|x86 = Release|x86
	EndGlobalSection
	GlobalSection(ProjectConfigurationPlatforms) = postSolution
		{838A946D-9AD3-4D21-AAA1-4771A7DEF1DB}.Debug|Any CPU.ActiveCfg = Debug|Any CPU
		{838A946D-9AD3-4D21-AAA1-4771A7DEF1DB}.Debug|Any CPU.Build.0 = Debug|Any CPU
		{838A946D-9AD3-4D21-AAA1-4771A7DEF1DB}.Debug|x64.ActiveCfg = Debug|Any CPU
		{838A946D-9AD3-4D21-AAA1-4771A7DEF1DB}.Debug|x64.Build.0 = Debug|Any CPU
		{838A946D-9AD3-4D21-AAA1-4771A7DEF1DB}.Debug|x86.ActiveCfg = Debug|Any CPU
		{838A946D-9AD3-4D21-AAA1-4771A7DEF1DB}.Debug|x86.Build.0 = Debug|Any CPU
		{838A946D-9AD3-4D21-AAA1-4771A7DEF1DB}.Release|Any CPU.ActiveCfg = Release|Any CPU
		{838A946D-9AD3-4D21-AAA1-4771A7DEF1DB}.Release|Any CPU.Build.0 = Release|Any CPU
		{838A946D-9AD3-4D21-AAA1-4771A7DEF1DB}.Release|x64.ActiveCfg = Release|Any CPU
		{838A946D-9AD3-4D21-AAA1-4771A7DEF1DB}.Release|x64.Build.0 = Release|Any CPU
		{838A946D-9AD3-4D21-AAA1-4771A7DEF1DB}.Release|x86.ActiveCfg = Release|Any CPU
		{838A946D-9AD3-4D21-AAA1-4771A7DEF1DB}.Release|x86.Build.0 = Release|Any CPU
		{1A96D99C-9C2B-42AC-8306-F0DE9CC81694}.Debug|Any CPU.ActiveCfg = Debug|Any CPU
		{1A96D99C-9C2B-42AC-8306-F0DE9CC81694}.Debug|Any CPU.Build.0 = Debug|Any CPU
		{1A96D99C-9C2B-42AC-8306-F0DE9CC81694}.Debug|x64.ActiveCfg = Debug|Any CPU
		{1A96D99C-9C2B-42AC-8306-F0DE9CC81694}.Debug|x64.Build.0 = Debug|Any CPU
		{1A96D99C-9C2B-42AC-8306-F0DE9CC81694}.Debug|x86.ActiveCfg = Debug|Any CPU
		{1A96D99C-9C2B-42AC-8306-F0DE9CC81694}.Debug|x86.Build.0 = Debug|Any CPU
		{1A96D99C-9C2B-42AC-8306-F0DE9CC81694}.Release|Any CPU.ActiveCfg = Release|Any CPU
		{1A96D99C-9C2B-42AC-8306-F0DE9CC81694}.Release|Any CPU.Build.0 = Release|Any CPU
		{1A96D99C-9C2B-42AC-8306-F0DE9CC81694}.Release|x64.ActiveCfg = Release|Any CPU
		{1A96D99C-9C2B-42AC-8306-F0DE9CC81694}.Release|x64.Build.0 = Release|Any CPU
		{1A96D99C-9C2B-42AC-8306-F0DE9CC81694}.Release|x86.ActiveCfg = Release|Any CPU
		{1A96D99C-9C2B-42AC-8306-F0DE9CC81694}.Release|x86.Build.0 = Release|Any CPU
		{4CE1CF3E-2D5A-4D64-B726-4A5A2E0D91F4}.Debug|Any CPU.ActiveCfg = Debug|Any CPU
		{4CE1CF3E-2D5A-4D64-B726-4A5A2E0D91F4}.Debug|Any CPU.Build.0 = Debug|Any CPU
		{4CE1CF3E-2D5A-4D64-B726-4A5A2E0D91F4}.Debug|x64.ActiveCfg = Debug|Any CPU
		{4CE1CF3E-2D5A-4D64-B726-4A5A2E0D91F4}.Debug|x64.Build.0 = Debug|Any CPU
		{4CE1CF3E-2D5A-4D64-B726-4A5A2E0D91F4}.Debug|x86.ActiveCfg = Debug|Any CPU
		{4CE1CF3E-2D5A-4D64-B726-4A5A2E0D91F4}.Debug|x86.Build.0 = Debug|Any CPU
		{4CE1CF3E-2D5A-4D64-B726-4A5A2E0D91F4}.Release|Any CPU.ActiveCfg = Release|Any CPU
		{4CE1CF3E-2D5A-4D64-B726-4A5A2E0D91F4}.Release|Any CPU.Build.0 = Release|Any CPU
		{4CE1CF3E-2D5A-4D64-B726-4A5A2E0D91F4}.Release|x64.ActiveCfg = Release|Any CPU
		{4CE1CF3E-2D5A-4D64-B726-4A5A2E0D91F4}.Release|x64.Build.0 = Release|Any CPU
		{4CE1CF3E-2D5A-4D64-B726-4A5A2E0D91F4}.Release|x86.ActiveCfg = Release|Any CPU
		{4CE1CF3E-2D5A-4D64-B726-4A5A2E0D91F4}.Release|x86.Build.0 = Release|Any CPU
		{99A3AE8B-8747-4FC7-A66B-E734A969E16C}.Debug|Any CPU.ActiveCfg = Debug|Any CPU
		{99A3AE8B-8747-4FC7-A66B-E734A969E16C}.Debug|Any CPU.Build.0 = Debug|Any CPU
		{99A3AE8B-8747-4FC7-A66B-E734A969E16C}.Debug|x64.ActiveCfg = Debug|Any CPU
		{99A3AE8B-8747-4FC7-A66B-E734A969E16C}.Debug|x64.Build.0 = Debug|Any CPU
		{99A3AE8B-8747-4FC7-A66B-E734A969E16C}.Debug|x86.ActiveCfg = Debug|Any CPU
		{99A3AE8B-8747-4FC7-A66B-E734A969E16C}.Debug|x86.Build.0 = Debug|Any CPU
		{99A3AE8B-8747-4FC7-A66B-E734A969E16C}.Release|Any CPU.ActiveCfg = Release|Any CPU
		{99A3AE8B-8747-4FC7-A66B-E734A969E16C}.Release|Any CPU.Build.0 = Release|Any CPU
		{99A3AE8B-8747-4FC7-A66B-E734A969E16C}.Release|x64.ActiveCfg = Release|Any CPU
		{99A3AE8B-8747-4FC7-A66B-E734A969E16C}.Release|x64.Build.0 = Release|Any CPU
		{99A3AE8B-8747-4FC7-A66B-E734A969E16C}.Release|x86.ActiveCfg = Release|Any CPU
		{99A3AE8B-8747-4FC7-A66B-E734A969E16C}.Release|x86.Build.0 = Release|Any CPU
	EndGlobalSection
	GlobalSection(SolutionProperties) = preSolution
		HideSolutionNode = FALSE
	EndGlobalSection
EndGlobal
